
Microsoft Visual Studio Solution File, Format Version 12.00
# Visual Studio Version 17
VisualStudioVersion = 17.9.34607.119
MinimumVisualStudioVersion = 10.0.40219.1
Project("{9A19103F-16F7-4668-BE54-9A1E7A4F7556}") = "ShopManager.Web", "ShopManager.Web\ShopManager.Web.csproj", "{4F5E46AB-6092-4718-BE4F-07F23C4D3A87}"
EndProject
Project("{FAE04EC0-301F-11D3-BF4B-00C04F79EFBC}") = "ShopManager.DAL", "ShopManager.DAL\ShopManager.DAL.csproj", "{79048E9D-659C-4672-8AB8-678055E59B8C}"
EndProject
Project("{FAE04EC0-301F-11D3-BF4B-00C04F79EFBC}") = "ShopManager.Services", "ShopManager.Services\ShopManager.Services.csproj", "{61F5668C-C28F-40F1-9B0C-3D5F59D98766}"
EndProject
Global
	GlobalSection(SolutionConfigurationPlatforms) = preSolution
		Debug|Any CPU = Debug|Any CPU
		Release|Any CPU = Release|Any CPU
	EndGlobalSection
	GlobalSection(ProjectConfigurationPlatforms) = postSolution
		{4F5E46AB-6092-4718-BE4F-07F23C4D3A87}.Debug|Any CPU.ActiveCfg = Debug|Any CPU
		{4F5E46AB-6092-4718-BE4F-07F23C4D3A87}.Debug|Any CPU.Build.0 = Debug|Any CPU
		{4F5E46AB-6092-4718-BE4F-07F23C4D3A87}.Release|Any CPU.ActiveCfg = Release|Any CPU
		{4F5E46AB-6092-4718-BE4F-07F23C4D3A87}.Release|Any CPU.Build.0 = Release|Any CPU
		{79048E9D-659C-4672-8AB8-678055E59B8C}.Debug|Any CPU.ActiveCfg = Debug|Any CPU
		{79048E9D-659C-4672-8AB8-678055E59B8C}.Debug|Any CPU.Build.0 = Debug|Any CPU
		{79048E9D-659C-4672-8AB8-678055E59B8C}.Release|Any CPU.ActiveCfg = Release|Any CPU
		{79048E9D-659C-4672-8AB8-678055E59B8C}.Release|Any CPU.Build.0 = Release|Any CPU
		{61F5668C-C28F-40F1-9B0C-3D5F59D98766}.Debug|Any CPU.ActiveCfg = Debug|Any CPU
		{61F5668C-C28F-40F1-9B0C-3D5F59D98766}.Debug|Any CPU.Build.0 = Debug|Any CPU
		{61F5668C-C28F-40F1-9B0C-3D5F59D98766}.Release|Any CPU.ActiveCfg = Release|Any CPU
		{61F5668C-C28F-40F1-9B0C-3D5F59D98766}.Release|Any CPU.Build.0 = Release|Any CPU
	EndGlobalSection
	GlobalSection(SolutionProperties) = preSolution
		HideSolutionNode = FALSE
	EndGlobalSection
	GlobalSection(ExtensibilityGlobals) = postSolution
		SolutionGuid = {C6CC84CD-F73F-495E-8246-B97D2A4B6916}
	EndGlobalSection
EndGlobal
